PODS:
  - Alamofire (4.5.1)
  - AlamofireImage (3.3.0):
    - Alamofire (~> 4.5)
  - ObjectMapper (2.2.9)
  - RAMPaperSwitch (2.0.5)
  - Realm (3.0.2):
    - Realm/Headers (= 3.0.2)
  - Realm/Headers (3.0.2)
  - RealmSwift (3.0.2):
    - Realm (= 3.0.2)

DEPENDENCIES:
  - Alamofire (~> 4.5)
  - AlamofireImage (~> 3.3)
  - ObjectMapper (~> 2.2)
  - RAMPaperSwitch (~> 2.0.4)
  - RealmSwift

SPEC CHECKSUMS:
  Alamofire: 2d95912bf4c34f164fdfc335872e8c312acaea4a
  AlamofireImage: 2e784dc5d00f04903a52c1d169181469c805c3df
  ObjectMapper: 63cfe41bc6f8e7c8f44344c49901b8ae7de14c52
  RAMPaperSwitch: 8e547186be122e858aa060596708f0dcbfe7593f
  Realm: 6f23fd1f178a09342eac21bfa7c2bf4312a7a180
  RealmSwift: 695393add1b8f9d5fa75dd16e6355cf3935f71e2

PODFILE CHECKSUM: 803df778de8ace50fea61c517bed8e52ad2030f3

COCOAPODS: 1.3.1
